// !$*UTF8*$!
{
	archiveVersion = 1;
	classes = {
	};
	objectVersion = 46;
	objects = {

/* Begin PBXBuildFile section */
		1E1D861B1C05A3E2001A9E05 /* main.m in Sources */ = {isa = PBXBuildFile; fileRef = 1E1D861A1C05A3E2001A9E05 /* main.m */; };
		1E1D861E1C05A3E2001A9E05 /* AppDelegate.m in Sources */ = {isa = PBXBuildFile; fileRef = 1E1D861D1C05A3E2001A9E05 /* AppDelegate.m */; };
		1E1D86211C05A3E2001A9E05 /* ViewController.m in Sources */ = {isa = PBXBuildFile; fileRef = 1E1D86201C05A3E2001A9E05 /* ViewController.m */; };
		1E1D86241C05A3E2001A9E05 /* Main.storyboard in Resources */ = {isa = PBXBuildFile; fileRef = 1E1D86221C05A3E2001A9E05 /* Main.storyboard */; };
		1E1D86261C05A3E2001A9E05 /* Assets.xcassets in Resources */ = {isa = PBXBuildFile; fileRef = 1E1D86251C05A3E2001A9E05 /* Assets.xcassets */; };
		1E1D86341C05A3E2001A9E05 /* SinaWeibo_Objective_CTests.m in Sources */ = {isa = PBXBuildFile; fileRef = 1E1D86331C05A3E2001A9E05 /* SinaWeibo_Objective_CTests.m */; };
		1E1D863F1C05A3E2001A9E05 /* SinaWeibo_Objective_CUITests.m in Sources */ = {isa = PBXBuildFile; fileRef = 1E1D863E1C05A3E2001A9E05 /* SinaWeibo_Objective_CUITests.m */; };
/* End PBXBuildFile section */

/* Begin PBXContainerItemProxy section */
		1E1D86301C05A3E2001A9E05 /* PBXContainerItemProxy */ = {
			isa = PBXContainerItemProxy;
			containerPortal = 1E1D860E1C05A3E2001A9E05 /* Project object */;
			proxyType = 1;
			remoteGlobalIDString = 1E1D86151C05A3E2001A9E05;
			remoteInfo = "SinaWeibo_Objective-C";
		};
		1E1D863B1C05A3E2001A9E05 /* PBXContainerItemProxy */ = {
			isa = PBXContainerItemProxy;
			containerPortal = 1E1D860E1C05A3E2001A9E05 /* Project object */;
			proxyType = 1;
			remoteGlobalIDString = 1E1D86151C05A3E2001A9E05;
			remoteInfo = "SinaWeibo_Objective-C";
		};
/* End PBXContainerItemProxy section */

/* Begin PBXFileReference section */
		1E1D86161C05A3E2001A9E05 /* SinaWeibo_Objective-C.app */ = {isa = PBXFileReference; explicitFileType = wrapper.application; includeInIndex = 0; path = "SinaWeibo_Objective-C.app"; sourceTree = BUILT_PRODUCTS_DIR; };
		1E1D861A1C05A3E2001A9E05 /* main.m */ = {isa = PBXFileReference; lastKnownFileType = sourcecode.c.objc; path = main.m; sourceTree = "<group>"; };
		1E1D861C1C05A3E2001A9E05 /* AppDelegate.h */ = {isa = PBXFileReference; lastKnownFileType = sourcecode.c.h; path = AppDelegate.h; sourceTree = "<group>"; };
		1E1D861D1C05A3E2001A9E05 /* AppDelegate.m */ = {isa = PBXFileReference; lastKnownFileType = sourcecode.c.objc; path = AppDelegate.m; sourceTree = "<group>"; };
		1E1D861F1C05A3E2001A9E05 /* ViewController.h */ = {isa = PBXFileReference; lastKnownFileType = sourcecode.c.h; path = ViewController.h; sourceTree = "<group>"; };
		1E1D86201C05A3E2001A9E05 /* ViewController.m */ = {isa = PBXFileReference; lastKnownFileType = sourcecode.c.objc; path = ViewController.m; sourceTree = "<group>"; };
		1E1D86231C05A3E2001A9E05 /* Base */ = {isa = PBXFileReference; lastKnownFileType = file.storyboard; name = Base; path = Base.lproj/Main.storyboard; sourceTree = "<group>"; };
		1E1D86251C05A3E2001A9E05 /* Assets.xcassets */ = {isa = PBXFileReference; lastKnownFileType = folder.assetcatalog; path = Assets.xcassets; sourceTree = "<group>"; };
		1E1D862A1C05A3E2001A9E05 /* Info.plist */ = {isa = PBXFileReference; lastKnownFileType = text.plist.xml; path = Info.plist; sourceTree = "<group>"; };
		1E1D862F1C05A3E2001A9E05 /* SinaWeibo_Objective-CTests.xctest */ = {isa = PBXFileReference; explicitFileType = wrapper.cfbundle; includeInIndex = 0; path = "SinaWeibo_Objective-CTests.xctest"; sourceTree = BUILT_PRODUCTS_DIR; };
		1E1D86331C05A3E2001A9E05 /* SinaWeibo_Objective_CTests.m */ = {isa = PBXFileReference; lastKnownFileType = sourcecode.c.objc; path = SinaWeibo_Objective_CTests.m; sourceTree = "<group>"; };
		1E1D86351C05A3E2001A9E05 /* Info.plist */ = {isa = PBXFileReference; lastKnownFileType = text.plist.xml; path = Info.plist; sourceTree = "<group>"; };
		1E1D863A1C05A3E2001A9E05 /* SinaWeibo_Objective-CUITests.xctest */ = {isa = PBXFileReference; explicitFileType = wrapper.cfbundle; includeInIndex = 0; path = "SinaWeibo_Objective-CUITests.xctest"; sourceTree = BUILT_PRODUCTS_DIR; };
		1E1D863E1C05A3E2001A9E05 /* SinaWeibo_Objective_CUITests.m */ = {isa = PBXFileReference; lastKnownFileType = sourcecode.c.objc; path = SinaWeibo_Objective_CUITests.m; sourceTree = "<group>"; };
		1E1D86401C05A3E2001A9E05 /* Info.plist */ = {isa = PBXFileReference; lastKnownFileType = text.plist.xml; path = Info.plist; sourceTree = "<group>"; };
		1EE8F4331C05ACC000D2EEE0 /* JDSinaWeibo.pch */ = {isa = PBXFileReference; fileEncoding = 4; lastKnownFileType = sourcecode.c.h; name = JDSinaWeibo.pch; path = ../JDSinaWeibo.pch; sourceTree = "<group>"; };
/* End PBXFileReference section */

/* Begin PBXFrameworksBuildPhase section */
		1E1D86131C05A3E2001A9E05 /* Frameworks */ = {
			isa = PBXFrameworksBuildPhase;
			buildActionMask = 2147483647;
			files = (
			);
			runOnlyForDeploymentPostprocessing = 0;
		};
		1E1D862C1C05A3E2001A9E05 /* Frameworks */ = {
			isa = PBXFrameworksBuildPhase;
			buildActionMask = 2147483647;
			files = (
			);
			runOnlyForDeploymentPostprocessing = 0;
		};
		1E1D86371C05A3E2001A9E05 /* Frameworks */ = {
			isa = PBXFrameworksBuildPhase;
			buildActionMask = 2147483647;
			files = (
			);
			runOnlyForDeploymentPostprocessing = 0;
		};
/* End PBXFrameworksBuildPhase section */

/* Begin PBXGroup section */
		1E1D860D1C05A3E2001A9E05 = {
			isa = PBXGroup;
			children = (
				1E1D86181C05A3E2001A9E05 /* SinaWeibo_Objective-C */,
				1E1D86321C05A3E2001A9E05 /* SinaWeibo_Objective-CTests */,
				1E1D863D1C05A3E2001A9E05 /* SinaWeibo_Objective-CUITests */,
				1E1D86171C05A3E2001A9E05 /* Products */,
			);
			sourceTree = "<group>";
		};
		1E1D86171C05A3E2001A9E05 /* Products */ = {
			isa = PBXGroup;
			children = (
				1E1D86161C05A3E2001A9E05 /* SinaWeibo_Objective-C.app */,
				1E1D862F1C05A3E2001A9E05 /* SinaWeibo_Objective-CTests.xctest */,
				1E1D863A1C05A3E2001A9E05 /* SinaWeibo_Objective-CUITests.xctest */,
			);
			name = Products;
			sourceTree = "<group>";
		};
		1E1D86181C05A3E2001A9E05 /* SinaWeibo_Objective-C */ = {
			isa = PBXGroup;
			children = (
				1EE8F4341C05ADCD00D2EEE0 /* Classes */,
				1E1D861F1C05A3E2001A9E05 /* ViewController.h */,
				1E1D86201C05A3E2001A9E05 /* ViewController.m */,
				1E1D86221C05A3E2001A9E05 /* Main.storyboard */,
				1E1D86251C05A3E2001A9E05 /* Assets.xcassets */,
				1E1D862A1C05A3E2001A9E05 /* Info.plist */,
				1E1D86191C05A3E2001A9E05 /* Supporting Files */,
			);
			path = "SinaWeibo_Objective-C";
			sourceTree = "<group>";
		};
		1E1D86191C05A3E2001A9E05 /* Supporting Files */ = {
			isa = PBXGroup;
			children = (
				1E1D861A1C05A3E2001A9E05 /* main.m */,
			);
			name = "Supporting Files";
			sourceTree = "<group>";
		};
		1E1D86321C05A3E2001A9E05 /* SinaWeibo_Objective-CTests */ = {
			isa = PBXGroup;
			children = (
				1E1D86331C05A3E2001A9E05 /* SinaWeibo_Objective_CTests.m */,
				1E1D86351C05A3E2001A9E05 /* Info.plist */,
			);
			path = "SinaWeibo_Objective-CTests";
			sourceTree = "<group>";
		};
		1E1D863D1C05A3E2001A9E05 /* SinaWeibo_Objective-CUITests */ = {
			isa = PBXGroup;
			children = (
				1E1D863E1C05A3E2001A9E05 /* SinaWeibo_Objective_CUITests.m */,
				1E1D86401C05A3E2001A9E05 /* Info.plist */,
			);
			path = "SinaWeibo_Objective-CUITests";
			sourceTree = "<group>";
		};
		1EE8F4341C05ADCD00D2EEE0 /* Classes */ = {
			isa = PBXGroup;
			children = (
				1EE8F4351C05ADD500D2EEE0 /* Other */,
			);
			name = Classes;
			sourceTree = "<group>";
		};
		1EE8F4351C05ADD500D2EEE0 /* Other */ = {
			isa = PBXGroup;
			children = (
				1E1D861C1C05A3E2001A9E05 /* AppDelegate.h */,
				1E1D861D1C05A3E2001A9E05 /* AppDelegate.m */,
				1EE8F4331C05ACC000D2EEE0 /* JDSinaWeibo.pch */,
			);
			name = Other;
			sourceTree = "<group>";
		};
/* End PBXGroup section */

/* Begin PBXNativeTarget section */
		1E1D86151C05A3E2001A9E05 /* SinaWeibo_Objective-C */ = {
			isa = PBXNativeTarget;
			buildConfigurationList = 1E1D86431C05A3E2001A9E05 /* Build configuration list for PBXNativeTarget "SinaWeibo_Objective-C" */;
			buildPhases = (
				1E1D86121C05A3E2001A9E05 /* Sources */,
				1E1D86131C05A3E2001A9E05 /* Frameworks */,
				1E1D86141C05A3E2001A9E05 /* Resources */,
			);
			buildRules = (
			);
			dependencies = (
			);
			name = "SinaWeibo_Objective-C";
			productName = "SinaWeibo_Objective-C";
			productReference = 1E1D86161C05A3E2001A9E05 /* SinaWeibo_Objective-C.app */;
			productType = "com.apple.product-type.application";
		};
		1E1D862E1C05A3E2001A9E05 /* SinaWeibo_Objective-CTests */ = {
			isa = PBXNativeTarget;
			buildConfigurationList = 1E1D86461C05A3E2001A9E05 /* Build configuration list for PBXNativeTarget "SinaWeibo_Objective-CTests" */;
			buildPhases = (
				1E1D862B1C05A3E2001A9E05 /* Sources */,
				1E1D862C1C05A3E2001A9E05 /* Frameworks */,
				1E1D862D1C05A3E2001A9E05 /* Resources */,
			);
			buildRules = (
			);
			dependencies = (
				1E1D86311C05A3E2001A9E05 /* PBXTargetDependency */,
			);
			name = "SinaWeibo_Objective-CTests";
			productName = "SinaWeibo_Objective-CTests";
			productReference = 1E1D862F1C05A3E2001A9E05 /* SinaWeibo_Objective-CTests.xctest */;
			productType = "com.apple.product-type.bundle.unit-test";
		};
		1E1D86391C05A3E2001A9E05 /* SinaWeibo_Objective-CUITests */ = {
			isa = PBXNativeTarget;
			buildConfigurationList = 1E1D86491C05A3E2001A9E05 /* Build configuration list for PBXNativeTarget "SinaWeibo_Objective-CUITests" */;
			buildPhases = (
				1E1D86361C05A3E2001A9E05 /* Sources */,
				1E1D86371C05A3E2001A9E05 /* Frameworks */,
				1E1D86381C05A3E2001A9E05 /* Resources */,
			);
			buildRules = (
			);
			dependencies = (
				1E1D863C1C05A3E2001A9E05 /* PBXTargetDependency */,
			);
			name = "SinaWeibo_Objective-CUITests";
			productName = "SinaWeibo_Objective-CUITests";
			productReference = 1E1D863A1C05A3E2001A9E05 /* SinaWeibo_Objective-CUITests.xctest */;
			productType = "com.apple.product-type.bundle.ui-testing";
		};
/* End PBXNativeTarget section */

/* Begin PBXProject section */
		1E1D860E1C05A3E2001A9E05 /* Project object */ = {
			isa = PBXProject;
			attributes = {
				CLASSPREFIX = JD;
				LastUpgradeCheck = 0710;
				ORGANIZATIONNAME = SteveChiang;
				TargetAttributes = {
					1E1D86151C05A3E2001A9E05 = {
						CreatedOnToolsVersion = 7.1.1;
						DevelopmentTeam = P88VQSES2X;
					};
					1E1D862E1C05A3E2001A9E05 = {
						CreatedOnToolsVersion = 7.1.1;
						DevelopmentTeam = P88VQSES2X;
						TestTargetID = 1E1D86151C05A3E2001A9E05;
					};
					1E1D86391C05A3E2001A9E05 = {
						CreatedOnToolsVersion = 7.1.1;
						DevelopmentTeam = P88VQSES2X;
						TestTargetID = 1E1D86151C05A3E2001A9E05;
					};
				};
			};
			buildConfigurationList = 1E1D86111C05A3E2001A9E05 /* Build configuration list for PBXProject "SinaWeibo_Objective-C" */;
			compatibilityVersion = "Xcode 3.2";
			developmentRegion = English;
			hasScannedForEncodings = 0;
			knownRegions = (
				en,
				Base,
			);
			mainGroup = 1E1D860D1C05A3E2001A9E05;
			productRefGroup = 1E1D86171C05A3E2001A9E05 /* Products */;
			projectDirPath = "";
			projectRoot = "";
			targets = (
				1E1D86151C05A3E2001A9E05 /* SinaWeibo_Objective-C */,
				1E1D862E1C05A3E2001A9E05 /* SinaWeibo_Objective-CTests */,
				1E1D86391C05A3E2001A9E05 /* SinaWeibo_Objective-CUITests */,
			);
		};
/* End PBXProject section */

/* Begin PBXResourcesBuildPhase section */
		1E1D86141C05A3E2001A9E05 /* Resources */ = {
			isa = PBXResourcesBuildPhase;
			buildActionMask = 2147483647;
			files = (
				1E1D86261C05A3E2001A9E05 /* Assets.xcassets in Resources */,
				1E1D86241C05A3E2001A9E05 /* Main.storyboard in Resources */,
			);
			runOnlyForDeploymentPostprocessing = 0;
		};
		1E1D862D1C05A3E2001A9E05 /* Resources */ = {
			isa = PBXResourcesBuildPhase;
			buildActionMask = 2147483647;
			files = (
			);
			runOnlyForDeploymentPostprocessing = 0;
		};
		1E1D86381C05A3E2001A9E05 /* Resources */ = {
			isa = PBXResourcesBuildPhase;
			buildActionMask = 2147483647;
			files = (
			);
			runOnlyForDeploymentPostprocessing = 0;
		};
/* End PBXResourcesBuildPhase section */

/* Begin PBXSourcesBuildPhase section */
		1E1D86121C05A3E2001A9E05 /* Sources */ = {
			isa = PBXSourcesBuildPhase;
			buildActionMask = 2147483647;
			files = (
				1E1D86211C05A3E2001A9E05 /* ViewController.m in Sources */,
				1E1D861E1C05A3E2001A9E05 /* AppDelegate.m in Sources */,
				1E1D861B1C05A3E2001A9E05 /* main.m in Sources */,
			);
			runOnlyForDeploymentPostprocessing = 0;
		};
		1E1D862B1C05A3E2001A9E05 /* Sources */ = {
			isa = PBXSourcesBuildPhase;
			buildActionMask = 2147483647;
			files = (
				1E1D86341C05A3E2001A9E05 /* SinaWeibo_Objective_CTests.m in Sources */,
			);
			runOnlyForDeploymentPostprocessing = 0;
		};
		1E1D86361C05A3E2001A9E05 /* Sources */ = {
			isa = PBXSourcesBuildPhase;
			buildActionMask = 2147483647;
			files = (
				1E1D863F1C05A3E2001A9E05 /* SinaWeibo_Objective_CUITests.m in Sources */,
			);
			runOnlyForDeploymentPostprocessing = 0;
		};
/* End PBXSourcesBuildPhase section */

/* Begin PBXTargetDependency section */
		1E1D86311C05A3E2001A9E05 /* PBXTargetDependency */ = {
			isa = PBXTargetDependency;
			target = 1E1D86151C05A3E2001A9E05 /* SinaWeibo_Objective-C */;
			targetProxy = 1E1D86301C05A3E2001A9E05 /* PBXContainerItemProxy */;
		};
		1E1D863C1C05A3E2001A9E05 /* PBXTargetDependency */ = {
			isa = PBXTargetDependency;
			target = 1E1D86151C05A3E2001A9E05 /* SinaWeibo_Objective-C */;
			targetProxy = 1E1D863B1C05A3E2001A9E05 /* PBXContainerItemProxy */;
		};
/* End PBXTargetDependency section */

/* Begin PBXVariantGroup section */
		1E1D86221C05A3E2001A9E05 /* Main.storyboard */ = {
			isa = PBXVariantGroup;
			children = (
				1E1D86231C05A3E2001A9E05 /* Base */,
			);
			name = Main.storyboard;
			sourceTree = "<group>";
		};
/* End PBXVariantGroup section */

/* Begin XCBuildConfiguration section */
		1E1D86411C05A3E2001A9E05 /* Debug */ = {
			isa = XCBuildConfiguration;
			buildSettings = {
				ALWAYS_SEARCH_USER_PATHS = NO;
				CLANG_CXX_LANGUAGE_STANDARD = "gnu++0x";
				CLANG_CXX_LIBRARY = "libc++";
				CLANG_ENABLE_MODULES = YES;
				CLANG_ENABLE_OBJC_ARC = YES;
				CLANG_WARN_BOOL_CONVERSION = YES;
				CLANG_WARN_CONSTANT_CONVERSION = YES;
				CLANG_WARN_DIRECT_OBJC_ISA_USAGE = YES_ERROR;
				CLANG_WARN_EMPTY_BODY = YES;
				CLANG_WARN_ENUM_CONVERSION = YES;
				CLANG_WARN_INT_CONVERSION = YES;
				CLANG_WARN_OBJC_ROOT_CLASS = YES_ERROR;
				CLANG_WARN_UNREACHABLE_CODE = YES;
				CLANG_WARN__DUPLICATE_METHOD_MATCH = YES;
				"CODE_SIGN_IDENTITY[sdk=iphoneos*]" = "iPhone Developer";
				COPY_PHASE_STRIP = NO;
				DEBUG_INFORMATION_FORMAT = dwarf;
				ENABLE_STRICT_OBJC_MSGSEND = YES;
				ENABLE_TESTABILITY = YES;
				GCC_C_LANGUAGE_STANDARD = gnu99;
				GCC_DYNAMIC_NO_PIC = NO;
				GCC_NO_COMMON_BLOCKS = YES;
				GCC_OPTIMIZATION_LEVEL = 0;
				GCC_PREPROCESSOR_DEFINITIONS = (
					"DEBUG=1",
					"$(inherited)",
				);
				GCC_WARN_64_TO_32_BIT_CONVERSION = YES;
				GCC_WARN_ABOUT_RETURN_TYPE = YES_ERROR;
				GCC_WARN_UNDECLARED_SELECTOR = YES;
				GCC_WARN_UNINITIALIZED_AUTOS = YES_AGGRESSIVE;
				GCC_WARN_UNUSED_FUNCTION = YES;
				GCC_WARN_UNUSED_VARIABLE = YES;
				IPHONEOS_DEPLOYMENT_TARGET = 9.1;
				MTL_ENABLE_DEBUG_INFO = YES;
				ONLY_ACTIVE_ARCH = YES;
				SDKROOT = iphoneos;
			};
			name = Debug;
		};
		1E1D86421C05A3E2001A9E05 /* Release */ = {
			isa = XCBuildConfiguration;
			buildSettings = {
				ALWAYS_SEARCH_USER_PATHS = NO;
				CLANG_CXX_LANGUAGE_STANDARD = "gnu++0x";
				CLANG_CXX_LIBRARY = "libc++";
				CLANG_ENABLE_MODULES = YES;
				CLANG_ENABLE_OBJC_ARC = YES;
				CLANG_WARN_BOOL_CONVERSION = YES;
				CLANG_WARN_CONSTANT_CONVERSION = YES;
				CLANG_WARN_DIRECT_OBJC_ISA_USAGE = YES_ERROR;
				CLANG_WARN_EMPTY_BODY = YES;
				CLANG_WARN_ENUM_CONVERSION = YES;
				CLANG_WARN_INT_CONVERSION = YES;
				CLANG_WARN_OBJC_ROOT_CLASS = YES_ERROR;
				CLANG_WARN_UNREACHABLE_CODE = YES;
				CLANG_WARN__DUPLICATE_METHOD_MATCH = YES;
				"CODE_SIGN_IDENTITY[sdk=iphoneos*]" = "iPhone Developer";
				COPY_PHASE_STRIP = NO;
				DEBUG_INFORMATION_FORMAT = "dwarf-with-dsym";
				ENABLE_NS_ASSERTIONS = NO;
				ENABLE_STRICT_OBJC_MSGSEND = YES;
				GCC_C_LANGUAGE_STANDARD = gnu99;
				GCC_NO_COMMON_BLOCKS = YES;
				GCC_WARN_64_TO_32_BIT_CONVERSION = YES;
				GCC_WARN_ABOUT_RETURN_TYPE = YES_ERROR;
				GCC_WARN_UNDECLARED_SELECTOR = YES;
				GCC_WARN_UNINITIALIZED_AUTOS = YES_AGGRESSIVE;
				GCC_WARN_UNUSED_FUNCTION = YES;
				GCC_WARN_UNUSED_VARIABLE = YES;
				IPHONEOS_DEPLOYMENT_TARGET = 9.1;
				MTL_ENABLE_DEBUG_INFO = NO;
				SDKROOT = iphoneos;
				VALIDATE_PRODUCT = YES;
			};
			name = Release;
		};
		1E1D86441C05A3E2001A9E05 /* Debug */ = {
			isa = XCBuildConfiguration;
			buildSettings = {
				ASSETCATALOG_COMPILER_APPICON_NAME = AppIcon;
				ASSETCATALOG_COMPILER_LAUNCHIMAGE_NAME = LaunchImage;
				GCC_PREFIX_HEADER = "$(SRCROOT)/JDSinaWeibo.pch";
				INFOPLIST_FILE = "SinaWeibo_Objective-C/Info.plist";
				LD_RUNPATH_SEARCH_PATHS = "$(inherited) @executable_path/Frameworks";
				PRODUCT_BUNDLE_IDENTIFIER = "com.garyten.www.SinaWeibo-Objective-C";
				PRODUCT_NAME = "$(TARGET_NAME)";
			};
			name = Debug;
		};
		1E1D86451C05A3E2001A9E05 /* Release */ = {
			isa = XCBuildConfiguration;
			buildSettings = {
				ASSETCATALOG_COMPILER_APPICON_NAME = AppIcon;
				ASSETCATALOG_COMPILER_LAUNCHIMAGE_NAME = LaunchImage;
				GCC_PREFIX_HEADER = "$(SRCROOT)/JDSinaWeibo.pch";
				INFOPLIST_FILE = "SinaWeibo_Objective-C/Info.plist";
				LD_RUNPATH_SEARCH_PATHS = "$(inherited) @executable_path/Frameworks";
				PRODUCT_BUNDLE_IDENTIFIER = "com.garyten.www.SinaWeibo-Objective-C";
				PRODUCT_NAME = "$(TARGET_NAME)";
			};
			name = Release;
		};
		1E1D86471C05A3E2001A9E05 /* Debug */ = {
			isa = XCBuildConfiguration;
			buildSettings = {
				BUNDLE_LOADER = "$(TEST_HOST)";
				INFOPLIST_FILE = "SinaWeibo_Objective-CTests/Info.plist";
				LD_RUNPATH_SEARCH_PATHS = "$(inherited) @executable_path/Frameworks @loader_path/Frameworks";
				PRODUCT_BUNDLE_IDENTIFIER = "com.garyten.www.SinaWeibo-Objective-CTests";
				PRODUCT_NAME = "$(TARGET_NAME)";
				TEST_HOST = "$(BUILT_PRODUCTS_DIR)/SinaWeibo_Objective-C.app/SinaWeibo_Objective-C";
			};
			name = Debug;
		};
		1E1D86481C05A3E2001A9E05 /* Release */ = {
			isa = XCBuildConfiguration;
			buildSettings = {
				BUNDLE_LOADER = "$(TEST_HOST)";
				INFOPLIST_FILE = "SinaWeibo_Objective-CTests/Info.plist";
				LD_RUNPATH_SEARCH_PATHS = "$(inherited) @executable_path/Frameworks @loader_path/Frameworks";
				PRODUCT_BUNDLE_IDENTIFIER = "com.garyten.www.SinaWeibo-Objective-CTests";
				PRODUCT_NAME = "$(TARGET_NAME)";
				TEST_HOST = "$(BUILT_PRODUCTS_DIR)/SinaWeibo_Objective-C.app/SinaWeibo_Objective-C";
			};
			name = Release;
		};
		1E1D864A1C05A3E2001A9E05 /* Debug */ = {
			isa = XCBuildConfiguration;
			buildSettings = {
				INFOPLIST_FILE = "SinaWeibo_Objective-CUITests/Info.plist";
				LD_RUNPATH_SEARCH_PATHS = "$(inherited) @executable_path/Frameworks @loader_path/Frameworks";
				PRODUCT_BUNDLE_IDENTIFIER = "com.garyten.www.SinaWeibo-Objective-CUITests";
				PRODUCT_NAME = "$(TARGET_NAME)";
				TEST_TARGET_NAME = "SinaWeibo_Objective-C";
				USES_XCTRUNNER = YES;
			};
			name = Debug;
		};
		1E1D864B1C05A3E2001A9E05 /* Release */ = {
			isa = XCBuildConfiguration;
			buildSettings = {
				INFOPLIST_FILE = "SinaWeibo_Objective-CUITests/Info.plist";
				LD_RUNPATH_SEARCH_PATHS = "$(inherited) @executable_path/Frameworks @loader_path/Frameworks";
				PRODUCT_BUNDLE_IDENTIFIER = "com.garyten.www.SinaWeibo-Objective-CUITests";
				PRODUCT_NAME = "$(TARGET_NAME)";
				TEST_TARGET_NAME = "SinaWeibo_Objective-C";
				USES_XCTRUNNER = YES;
			};
			name = Release;
		};
/* End XCBuildConfiguration section */

/* Begin XCConfigurationList section */
		1E1D86111C05A3E2001A9E05 /* Build configuration list for PBXProject "SinaWeibo_Objective-C" */ = {
			isa = XCConfigurationList;
			buildConfigurations = (
				1E1D86411C05A3E2001A9E05 /* Debug */,
				1E1D86421C05A3E2001A9E05 /* Release */,
			);
			defaultConfigurationIsVisible = 0;
			defaultConfigurationName = Release;
		};
		1E1D86431C05A3E2001A9E05 /* Build configuration list for PBXNativeTarget "SinaWeibo_Objective-C" */ = {
			isa = XCConfigurationList;
			buildConfigurations = (
				1E1D86441C05A3E2001A9E05 /* Debug */,
				1E1D86451C05A3E2001A9E05 /* Release */,
			);
			defaultConfigurationIsVisible = 0;
			defaultConfigurationName = Release;
		};
		1E1D86461C05A3E2001A9E05 /* Build configuration list for PBXNativeTarget "SinaWeibo_Objective-CTests" */ = {
			isa = XCConfigurationList;
			buildConfigurations = (
				1E1D86471C05A3E2001A9E05 /* Debug */,
				1E1D86481C05A3E2001A9E05 /* Release */,
			);
			defaultConfigurationIsVisible = 0;
			defaultConfigurationName = Release;
		};
		1E1D86491C05A3E2001A9E05 /* Build configuration list for PBXNativeTarget "SinaWeibo_Objective-CUITests" */ = {
			isa = XCConfigurationList;
			buildConfigurations = (
				1E1D864A1C05A3E2001A9E05 /* Debug */,
				1E1D864B1C05A3E2001A9E05 /* Release */,
			);
			defaultConfigurationIsVisible = 0;
			defaultConfigurationName = Release;
		};
/* End XCConfigurationList section */
	};
	rootObject = 1E1D860E1C05A3E2001A9E05 /* Project object */;
}
